
Microsoft Visual Studio Solution File, Format Version 12.00
# Visual Studio Version 16
VisualStudioVersion = 16.0.29318.209
MinimumVisualStudioVersion = 10.0.40219.1
Project("{9A19103F-16F7-4668-BE54-9A1E7A4F7556}") = "ScholarlySoftwareSearch", "ScholarlySoftwareSearch\ScholarlySoftwareSearch.csproj", "{46D04332-E0E8-4D09-95B2-12B66F0A8661}"
EndProject
Project("{9A19103F-16F7-4668-BE54-9A1E7A4F7556}") = "ScholarlySoftwareSearchTests", "ScholarlySoftwareSearchTests\ScholarlySoftwareSearchTests.csproj", "{BA9618F1-D112-423B-A23F-BB0135C83E91}"
EndProject
Project("{7CF6DF6D-3B04-46F8-A40B-537D21BCA0B4}") = "ScholarlySoftwareSearchDeveloperDocumentation", "ScholarlySoftwareSearchDeveloperDocumentation\ScholarlySoftwareSearchDeveloperDocumentation.shfbproj", "{7841C02B-7534-42B4-93CA-59459DD0316A}"
EndProject
Global
	GlobalSection(SolutionConfigurationPlatforms) = preSolution
		Debug|Any CPU = Debug|Any CPU
		Release|Any CPU = Release|Any CPU
	EndGlobalSection
	GlobalSection(ProjectConfigurationPlatforms) = postSolution
		{46D04332-E0E8-4D09-95B2-12B66F0A8661}.Debug|Any CPU.ActiveCfg = Debug|Any CPU
		{46D04332-E0E8-4D09-95B2-12B66F0A8661}.Debug|Any CPU.Build.0 = Debug|Any CPU
		{46D04332-E0E8-4D09-95B2-12B66F0A8661}.Release|Any CPU.ActiveCfg = Release|Any CPU
		{46D04332-E0E8-4D09-95B2-12B66F0A8661}.Release|Any CPU.Build.0 = Release|Any CPU
		{BA9618F1-D112-423B-A23F-BB0135C83E91}.Debug|Any CPU.ActiveCfg = Debug|Any CPU
		{BA9618F1-D112-423B-A23F-BB0135C83E91}.Debug|Any CPU.Build.0 = Debug|Any CPU
		{BA9618F1-D112-423B-A23F-BB0135C83E91}.Release|Any CPU.ActiveCfg = Release|Any CPU
		{BA9618F1-D112-423B-A23F-BB0135C83E91}.Release|Any CPU.Build.0 = Release|Any CPU
		{7841C02B-7534-42B4-93CA-59459DD0316A}.Debug|Any CPU.ActiveCfg = Debug|Any CPU
		{7841C02B-7534-42B4-93CA-59459DD0316A}.Debug|Any CPU.Build.0 = Debug|Any CPU
		{7841C02B-7534-42B4-93CA-59459DD0316A}.Release|Any CPU.ActiveCfg = Release|Any CPU
		{7841C02B-7534-42B4-93CA-59459DD0316A}.Release|Any CPU.Build.0 = Release|Any CPU
	EndGlobalSection
	GlobalSection(SolutionProperties) = preSolution
		HideSolutionNode = FALSE
	EndGlobalSection
	GlobalSection(ExtensibilityGlobals) = postSolution
		SolutionGuid = {A2913DD9-9F8E-42C5-A1FE-F2A53A7ADC4A}
	EndGlobalSection
EndGlobal
