
Microsoft Visual Studio Solution File, Format Version 12.00
# Visual Studio Version 16
VisualStudioVersion = 16.0.29306.81
MinimumVisualStudioVersion = 10.0.40219.1
Project("{FAE04EC0-301F-11D3-BF4B-00C04F79EFBC}") = "Scholarly Software Search", "Scholarly Software Search\Scholarly Software Search.csproj", "{7E0C1FBA-2ED6-44B5-A1B4-9A4257E029B3}"
EndProject
Global
	GlobalSection(SolutionConfigurationPlatforms) = preSolution
		Debug|Any CPU = Debug|Any CPU
		Release|Any CPU = Release|Any CPU
	EndGlobalSection
	GlobalSection(ProjectConfigurationPlatforms) = postSolution
		{7E0C1FBA-2ED6-44B5-A1B4-9A4257E029B3}.Debug|Any CPU.ActiveCfg = Debug|Any CPU
		{7E0C1FBA-2ED6-44B5-A1B4-9A4257E029B3}.Debug|Any CPU.Build.0 = Debug|Any CPU
		{7E0C1FBA-2ED6-44B5-A1B4-9A4257E029B3}.Release|Any CPU.ActiveCfg = Release|Any CPU
		{7E0C1FBA-2ED6-44B5-A1B4-9A4257E029B3}.Release|Any CPU.Build.0 = Release|Any CPU
	EndGlobalSection
	GlobalSection(SolutionProperties) = preSolution
		HideSolutionNode = FALSE
	EndGlobalSection
	GlobalSection(ExtensibilityGlobals) = postSolution
		SolutionGuid = {C19A1026-14C7-415B-88A6-A47FE999CD74}
	EndGlobalSection
EndGlobal
